
Microsoft Visual Studio Solution File, Format Version 12.00
# Visual Studio 14
VisualStudioVersion = 14.0.25420.1
MinimumVisualStudioVersion = 10.0.40219.1
Project("{8BB2217D-0F2D-49D1-97BC-3654ED321F3B}") = "LambdaAlexa", "LambdaAlexa\LambdaAlexa.xproj", "{D90798EA-7B37-4136-915B-CECF43773E21}"
EndProject
Global
	GlobalSection(SolutionConfigurationPlatforms) = preSolution
		Debug|Any CPU = Debug|Any CPU
		Release|Any CPU = Release|Any CPU
	EndGlobalSection
	GlobalSection(ProjectConfigurationPlatforms) = postSolution
		{D90798EA-7B37-4136-915B-CECF43773E21}.Debug|Any CPU.ActiveCfg = Debug|Any CPU
		{D90798EA-7B37-4136-915B-CECF43773E21}.Debug|Any CPU.Build.0 = Debug|Any CPU
		{D90798EA-7B37-4136-915B-CECF43773E21}.Release|Any CPU.ActiveCfg = Release|Any CPU
		{D90798EA-7B37-4136-915B-CECF43773E21}.Release|Any CPU.Build.0 = Release|Any CPU
	EndGlobalSection
	GlobalSection(SolutionProperties) = preSolution
		HideSolutionNode = FALSE
	EndGlobalSection
EndGlobal
